
Microsoft Visual Studio Solution File, Format Version 12.00
# Visual Studio 15
VisualStudioVersion = 15.0.27703.2042
MinimumVisualStudioVersion = 10.0.40219.1
Project("{FAE04EC0-301F-11D3-BF4B-00C04F79EFBC}") = "ExoVehicule", "ExoVehicule\ExoVehicule.csproj", "{07FBE2C3-FC3F-4CC7-B18E-DC8DA4C8C868}"
EndProject
Global
	GlobalSection(SolutionConfigurationPlatforms) = preSolution
		Debug|Any CPU = Debug|Any CPU
		Release|Any CPU = Release|Any CPU
	EndGlobalSection
	GlobalSection(ProjectConfigurationPlatforms) = postSolution
		{07FBE2C3-FC3F-4CC7-B18E-DC8DA4C8C868}.Debug|Any CPU.ActiveCfg = Debug|Any CPU
		{07FBE2C3-FC3F-4CC7-B18E-DC8DA4C8C868}.Debug|Any CPU.Build.0 = Debug|Any CPU
		{07FBE2C3-FC3F-4CC7-B18E-DC8DA4C8C868}.Release|Any CPU.ActiveCfg = Release|Any CPU
		{07FBE2C3-FC3F-4CC7-B18E-DC8DA4C8C868}.Release|Any CPU.Build.0 = Release|Any CPU
	EndGlobalSection
	GlobalSection(SolutionProperties) = preSolution
		HideSolutionNode = FALSE
	EndGlobalSection
	GlobalSection(ExtensibilityGlobals) = postSolution
		SolutionGuid = {BB1D998B-A25E-496B-8924-9DEC37458EE5}
	EndGlobalSection
EndGlobal
